
Microsoft Visual Studio Solution File, Format Version 12.00
# Visual Studio Version 17
VisualStudioVersion = 17.11.35312.102
MinimumVisualStudioVersion = 10.0.40219.1
Project("{FAE04EC0-301F-11D3-BF4B-00C04F79EFBC}") = "AdvC#3-Demo", "AdvC#3-Demo.csproj", "{6C84A9EC-9A4D-40A0-B2CE-7B0D66EBBF58}"
EndProject
Global
	GlobalSection(SolutionConfigurationPlatforms) = preSolution
		Debug|Any CPU = Debug|Any CPU
		Release|Any CPU = Release|Any CPU
	EndGlobalSection
	GlobalSection(ProjectConfigurationPlatforms) = postSolution
		{6C84A9EC-9A4D-40A0-B2CE-7B0D66EBBF58}.Debug|Any CPU.ActiveCfg = Debug|Any CPU
		{6C84A9EC-9A4D-40A0-B2CE-7B0D66EBBF58}.Debug|Any CPU.Build.0 = Debug|Any CPU
		{6C84A9EC-9A4D-40A0-B2CE-7B0D66EBBF58}.Release|Any CPU.ActiveCfg = Release|Any CPU
		{6C84A9EC-9A4D-40A0-B2CE-7B0D66EBBF58}.Release|Any CPU.Build.0 = Release|Any CPU
	EndGlobalSection
	GlobalSection(SolutionProperties) = preSolution
		HideSolutionNode = FALSE
	EndGlobalSection
	GlobalSection(ExtensibilityGlobals) = postSolution
		SolutionGuid = {BE635E7B-10CA-483A-8A20-D13953ACB65D}
	EndGlobalSection
EndGlobal
